
Microsoft Visual Studio Solution File, Format Version 12.00
# Visual Studio 15
VisualStudioVersion = 15.0.28307.1585
MinimumVisualStudioVersion = 10.0.40219.1
Project("{2150E333-8FDC-42A3-9474-1A3956D46DE8}") = "Solution Items", "Solution Items", "{DF28F6D1-F105-49A8-994E-718AB62253FA}"
	ProjectSection(SolutionItems) = preProject
		.gitignore = .gitignore
	EndProjectSection
EndProject
Project("{FAE04EC0-301F-11D3-BF4B-00C04F79EFBC}") = "ToDoAPI.API", "..\ToDo.UI.MVC\ToDoAPI.API.csproj", "{0AC1B4BE-0EC4-4969-B8D8-43CD8EEE8163}"
EndProject
Global
	GlobalSection(SolutionConfigurationPlatforms) = preSolution
		Debug|Any CPU = Debug|Any CPU
		Release|Any CPU = Release|Any CPU
	EndGlobalSection
	GlobalSection(ProjectConfigurationPlatforms) = postSolution
		{0AC1B4BE-0EC4-4969-B8D8-43CD8EEE8163}.Debug|Any CPU.ActiveCfg = Debug|Any CPU
		{0AC1B4BE-0EC4-4969-B8D8-43CD8EEE8163}.Debug|Any CPU.Build.0 = Debug|Any CPU
		{0AC1B4BE-0EC4-4969-B8D8-43CD8EEE8163}.Release|Any CPU.ActiveCfg = Release|Any CPU
		{0AC1B4BE-0EC4-4969-B8D8-43CD8EEE8163}.Release|Any CPU.Build.0 = Release|Any CPU
	EndGlobalSection
	GlobalSection(SolutionProperties) = preSolution
		HideSolutionNode = FALSE
	EndGlobalSection
	GlobalSection(ExtensibilityGlobals) = postSolution
		SolutionGuid = {F79BEA79-99CD-4B79-8F3E-A668C7FB8A70}
	EndGlobalSection
EndGlobal
